
Microsoft Visual Studio Solution File, Format Version 12.00
# Visual Studio Version 17
VisualStudioVersion = 17.8.34601.278
MinimumVisualStudioVersion = 10.0.40219.1
Project("{FAE04EC0-301F-11D3-BF4B-00C04F79EFBC}") = "SignalAssigment_2", "SignalAssigment_2.csproj", "{2CE33CA4-3F8F-4875-9BB5-3182EA8589DE}"
EndProject
Global
	GlobalSection(SolutionConfigurationPlatforms) = preSolution
		Debug|Any CPU = Debug|Any CPU
		Release|Any CPU = Release|Any CPU
	EndGlobalSection
	GlobalSection(ProjectConfigurationPlatforms) = postSolution
		{2CE33CA4-3F8F-4875-9BB5-3182EA8589DE}.Debug|Any CPU.ActiveCfg = Debug|Any CPU
		{2CE33CA4-3F8F-4875-9BB5-3182EA8589DE}.Debug|Any CPU.Build.0 = Debug|Any CPU
		{2CE33CA4-3F8F-4875-9BB5-3182EA8589DE}.Release|Any CPU.ActiveCfg = Release|Any CPU
		{2CE33CA4-3F8F-4875-9BB5-3182EA8589DE}.Release|Any CPU.Build.0 = Release|Any CPU
	EndGlobalSection
	GlobalSection(SolutionProperties) = preSolution
		HideSolutionNode = FALSE
	EndGlobalSection
	GlobalSection(ExtensibilityGlobals) = postSolution
		SolutionGuid = {6F63F685-B6F1-46E2-B371-8F5BE027D36A}
	EndGlobalSection
EndGlobal
